hash: 61f0d96c966c7a1f175801e09ae467b4d9d12a4ae0b1a090853395b2e0b62fa3
updated: 2016-05-18T12:21:45.051114047+01:00
imports:
- name: github.com/bradfitz/gomemcache
  version: fb1f79c6b65acda83063cbc69f6bba1522558bfc
  subpackages:
  - memcache
- name: github.com/integralist/go-findroot
  version: ac90681525dc30c2163cc606675922b7fdb9c041
devImports: []
