hash: 61f0d96c966c7a1f175801e09ae467b4d9d12a4ae0b1a090853395b2e0b62fa3
updated: 2018-01-22T15:47:11.740223268-08:00
imports:
- name: github.com/bradfitz/gomemcache
  version: 1952afaa557dc08e8e0d89eafab110fb501c1a2b
  subpackages:
  - memcache
- name: github.com/integralist/go-findroot
  version: ac90681525dc30c2163cc606675922b7fdb9c041
  subpackages:
  - find
testImports: []
