github.com/bradfitz/gomemcache v0.0.0-20170208213004-1952afaa557d h1:7IjN4QP3c38xhg6wz8R3YjoU+6S9e7xBc0DAVLLIpHE=
github.com/bradfitz/gomemcache v0.0.0-20170208213004-1952afaa557d/go.mod h1:PmM6Mmwb0LSuEubjR8N7PtNe1KxZLtOUHtbeikc5h60=
github.com/integralist/go-findroot v0.0.0-20160518114804-ac90681525dc h1:4IZpk3M4m6ypx0IlRoEyEyY1gAdicWLMQ0NcG/gBnnA=
github.com/integralist/go-findroot v0.0.0-20160518114804-ac90681525dc/go.mod h1:UlaC6ndby46IJz9m/03cZPKKkR9ykeIVBBDE3UDBdJk=
